
Microsoft Visual Studio Solution File, Format Version 12.00
# Visual Studio 2013
VisualStudioVersion = 12.0.31101.0
MinimumVisualStudioVersion = 10.0.40219.1
Project("{FAE04EC0-301F-11D3-BF4B-00C04F79EFBC}") = "S1NumbersFrom1ToN", "S1NumbersFrom1ToN\S1NumbersFrom1ToN.csproj", "{49A602B4-CEAC-4D43-9D71-60BFB620E545}"
EndProject
Project("{FAE04EC0-301F-11D3-BF4B-00C04F79EFBC}") = "S2NumbersNotDivisibleBy3And7", "S2NumbersNotDivisibleBy3And7\S2NumbersNotDivisibleBy3And7.csproj", "{48CD9A7B-65DD-4AF9-8C28-B8A65FB959C8}"
EndProject
Project("{FAE04EC0-301F-11D3-BF4B-00C04F79EFBC}") = "S3MinMaxSumAndAverageOfNNumbers", "S3MinMaxSumAndAverageOfNNumbers\S3MinMaxSumAndAverageOfNNumbers.csproj", "{3C6A4977-7764-4540-9382-FF51E667D4DD}"
EndProject
Project("{FAE04EC0-301F-11D3-BF4B-00C04F79EFBC}") = "S4PrintADeckOf52Cards", "S4PrintADeckOf52Cards\S4PrintADeckOf52Cards.csproj", "{2FDA2DA3-BD3C-423A-B787-A923B1548A1F}"
EndProject
Project("{FAE04EC0-301F-11D3-BF4B-00C04F79EFBC}") = "S5Calculate1", "S5Calculate1\S5Calculate1.csproj", "{71DE52BC-3E76-4099-A6D5-7C6EE5C739E8}"
EndProject
Project("{FAE04EC0-301F-11D3-BF4B-00C04F79EFBC}") = "S6CalculateFactorialsDivision", "S6CalculateFactorialsDivision\S6CalculateFactorialsDivision.csproj", "{395FD11D-FA7A-4099-BEEF-29394BF3E54A}"
EndProject
Project("{FAE04EC0-301F-11D3-BF4B-00C04F79EFBC}") = "S7FactorialsDivisionAdvanced", "S7FactorialsDivisionAdvanced\S7FactorialsDivisionAdvanced.csproj", "{130BF585-1FF0-48BD-AEE7-69FBDC0735D1}"
EndProject
Project("{FAE04EC0-301F-11D3-BF4B-00C04F79EFBC}") = "S8CatalanNumbers", "S8CatalanNumbers\S8CatalanNumbers.csproj", "{96E06C7B-048F-452A-B7A0-1559A8587596}"
EndProject
Project("{FAE04EC0-301F-11D3-BF4B-00C04F79EFBC}") = "S9MatrixOfNumbers", "S9MatrixOfNumbers\S9MatrixOfNumbers.csproj", "{FBD45ADE-1838-4B90-9288-3ACD6D0FC146}"
EndProject
Project("{FAE04EC0-301F-11D3-BF4B-00C04F79EFBC}") = "S10OddAndEvenProduct", "S10OddAndEvenProduct\S10OddAndEvenProduct.csproj", "{D6E1ACBB-9E41-48EC-93FA-31053944F4B9}"
EndProject
Project("{FAE04EC0-301F-11D3-BF4B-00C04F79EFBC}") = "S11RandomNumbersInGivenRange", "S11RandomNumbersInGivenRange\S11RandomNumbersInGivenRange.csproj", "{E59C68E4-461F-48B0-B0CC-3CD6CBD49F00}"
EndProject
Project("{FAE04EC0-301F-11D3-BF4B-00C04F79EFBC}") = "S12RandomizeTheNumbers1N", "S12RandomizeTheNumbers1N\S12RandomizeTheNumbers1N.csproj", "{20DED39F-FBC9-4316-AB8C-26A1735ED594}"
EndProject
Project("{FAE04EC0-301F-11D3-BF4B-00C04F79EFBC}") = "S13BinaryToDecimalNumber", "S13BinaryToDecimalNumber\S13BinaryToDecimalNumber.csproj", "{D19E9278-3AB6-4569-8F98-E6A4C9B04465}"
EndProject
Project("{FAE04EC0-301F-11D3-BF4B-00C04F79EFBC}") = "S14DecimalToBinaryNumber", "S14DecimalToBinaryNumber\S14DecimalToBinaryNumber.csproj", "{EA8E8F79-08FE-4A61-96BE-157FCC10BF07}"
EndProject
Project("{FAE04EC0-301F-11D3-BF4B-00C04F79EFBC}") = "S15HexadecimalToDecimalNumber", "S15HexadecimalToDecimalNumber\S15HexadecimalToDecimalNumber.csproj", "{2C82F779-CEB0-4D5C-95AE-C85ABB3F7996}"
EndProject
Project("{FAE04EC0-301F-11D3-BF4B-00C04F79EFBC}") = "S16DecimalToHexadecimal", "S16DecimalToHexadecimal\S16DecimalToHexadecimal.csproj", "{EBF9B6DD-2671-41A8-BDDC-BC46091B05D3}"
EndProject
Project("{FAE04EC0-301F-11D3-BF4B-00C04F79EFBC}") = "S17CalculateGCDvar", "S17CalculateGCDvar\S17CalculateGCDvar.csproj", "{8454E25F-00FC-4A1B-9C33-614EF3A352B1}"
EndProject
Global
	GlobalSection(SolutionConfigurationPlatforms) = preSolution
		Debug|Any CPU = Debug|Any CPU
		Release|Any CPU = Release|Any CPU
	EndGlobalSection
	GlobalSection(ProjectConfigurationPlatforms) = postSolution
		{49A602B4-CEAC-4D43-9D71-60BFB620E545}.Debug|Any CPU.ActiveCfg = Debug|Any CPU
		{49A602B4-CEAC-4D43-9D71-60BFB620E545}.Debug|Any CPU.Build.0 = Debug|Any CPU
		{49A602B4-CEAC-4D43-9D71-60BFB620E545}.Release|Any CPU.ActiveCfg = Release|Any CPU
		{49A602B4-CEAC-4D43-9D71-60BFB620E545}.Release|Any CPU.Build.0 = Release|Any CPU
		{48CD9A7B-65DD-4AF9-8C28-B8A65FB959C8}.Debug|Any CPU.ActiveCfg = Debug|Any CPU
		{48CD9A7B-65DD-4AF9-8C28-B8A65FB959C8}.Debug|Any CPU.Build.0 = Debug|Any CPU
		{48CD9A7B-65DD-4AF9-8C28-B8A65FB959C8}.Release|Any CPU.ActiveCfg = Release|Any CPU
		{48CD9A7B-65DD-4AF9-8C28-B8A65FB959C8}.Release|Any CPU.Build.0 = Release|Any CPU
		{3C6A4977-7764-4540-9382-FF51E667D4DD}.Debug|Any CPU.ActiveCfg = Debug|Any CPU
		{3C6A4977-7764-4540-9382-FF51E667D4DD}.Debug|Any CPU.Build.0 = Debug|Any CPU
		{3C6A4977-7764-4540-9382-FF51E667D4DD}.Release|Any CPU.ActiveCfg = Release|Any CPU
		{3C6A4977-7764-4540-9382-FF51E667D4DD}.Release|Any CPU.Build.0 = Release|Any CPU
		{2FDA2DA3-BD3C-423A-B787-A923B1548A1F}.Debug|Any CPU.ActiveCfg = Debug|Any CPU
		{2FDA2DA3-BD3C-423A-B787-A923B1548A1F}.Debug|Any CPU.Build.0 = Debug|Any CPU
		{2FDA2DA3-BD3C-423A-B787-A923B1548A1F}.Release|Any CPU.ActiveCfg = Release|Any CPU
		{2FDA2DA3-BD3C-423A-B787-A923B1548A1F}.Release|Any CPU.Build.0 = Release|Any CPU
		{71DE52BC-3E76-4099-A6D5-7C6EE5C739E8}.Debug|Any CPU.ActiveCfg = Debug|Any CPU
		{71DE52BC-3E76-4099-A6D5-7C6EE5C739E8}.Debug|Any CPU.Build.0 = Debug|Any CPU
		{71DE52BC-3E76-4099-A6D5-7C6EE5C739E8}.Release|Any CPU.ActiveCfg = Release|Any CPU
		{71DE52BC-3E76-4099-A6D5-7C6EE5C739E8}.Release|Any CPU.Build.0 = Release|Any CPU
		{395FD11D-FA7A-4099-BEEF-29394BF3E54A}.Debug|Any CPU.ActiveCfg = Debug|Any CPU
		{395FD11D-FA7A-4099-BEEF-29394BF3E54A}.Debug|Any CPU.Build.0 = Debug|Any CPU
		{395FD11D-FA7A-4099-BEEF-29394BF3E54A}.Release|Any CPU.ActiveCfg = Release|Any CPU
		{395FD11D-FA7A-4099-BEEF-29394BF3E54A}.Release|Any CPU.Build.0 = Release|Any CPU
		{130BF585-1FF0-48BD-AEE7-69FBDC0735D1}.Debug|Any CPU.ActiveCfg = Debug|Any CPU
		{130BF585-1FF0-48BD-AEE7-69FBDC0735D1}.Debug|Any CPU.Build.0 = Debug|Any CPU
		{130BF585-1FF0-48BD-AEE7-69FBDC0735D1}.Release|Any CPU.ActiveCfg = Release|Any CPU
		{130BF585-1FF0-48BD-AEE7-69FBDC0735D1}.Release|Any CPU.Build.0 = Release|Any CPU
		{96E06C7B-048F-452A-B7A0-1559A8587596}.Debug|Any CPU.ActiveCfg = Debug|Any CPU
		{96E06C7B-048F-452A-B7A0-1559A8587596}.Debug|Any CPU.Build.0 = Debug|Any CPU
		{96E06C7B-048F-452A-B7A0-1559A8587596}.Release|Any CPU.ActiveCfg = Release|Any CPU
		{96E06C7B-048F-452A-B7A0-1559A8587596}.Release|Any CPU.Build.0 = Release|Any CPU
		{FBD45ADE-1838-4B90-9288-3ACD6D0FC146}.Debug|Any CPU.ActiveCfg = Debug|Any CPU
		{FBD45ADE-1838-4B90-9288-3ACD6D0FC146}.Debug|Any CPU.Build.0 = Debug|Any CPU
		{FBD45ADE-1838-4B90-9288-3ACD6D0FC146}.Release|Any CPU.ActiveCfg = Release|Any CPU
		{FBD45ADE-1838-4B90-9288-3ACD6D0FC146}.Release|Any CPU.Build.0 = Release|Any CPU
		{D6E1ACBB-9E41-48EC-93FA-31053944F4B9}.Debug|Any CPU.ActiveCfg = Debug|Any CPU
		{D6E1ACBB-9E41-48EC-93FA-31053944F4B9}.Debug|Any CPU.Build.0 = Debug|Any CPU
		{D6E1ACBB-9E41-48EC-93FA-31053944F4B9}.Release|Any CPU.ActiveCfg = Release|Any CPU
		{D6E1ACBB-9E41-48EC-93FA-31053944F4B9}.Release|Any CPU.Build.0 = Release|Any CPU
		{E59C68E4-461F-48B0-B0CC-3CD6CBD49F00}.Debug|Any CPU.ActiveCfg = Debug|Any CPU
		{E59C68E4-461F-48B0-B0CC-3CD6CBD49F00}.Debug|Any CPU.Build.0 = Debug|Any CPU
		{E59C68E4-461F-48B0-B0CC-3CD6CBD49F00}.Release|Any CPU.ActiveCfg = Release|Any CPU
		{E59C68E4-461F-48B0-B0CC-3CD6CBD49F00}.Release|Any CPU.Build.0 = Release|Any CPU
		{20DED39F-FBC9-4316-AB8C-26A1735ED594}.Debug|Any CPU.ActiveCfg = Debug|Any CPU
		{20DED39F-FBC9-4316-AB8C-26A1735ED594}.Debug|Any CPU.Build.0 = Debug|Any CPU
		{20DED39F-FBC9-4316-AB8C-26A1735ED594}.Release|Any CPU.ActiveCfg = Release|Any CPU
		{20DED39F-FBC9-4316-AB8C-26A1735ED594}.Release|Any CPU.Build.0 = Release|Any CPU
		{D19E9278-3AB6-4569-8F98-E6A4C9B04465}.Debug|Any CPU.ActiveCfg = Debug|Any CPU
		{D19E9278-3AB6-4569-8F98-E6A4C9B04465}.Debug|Any CPU.Build.0 = Debug|Any CPU
		{D19E9278-3AB6-4569-8F98-E6A4C9B04465}.Release|Any CPU.ActiveCfg = Release|Any CPU
		{D19E9278-3AB6-4569-8F98-E6A4C9B04465}.Release|Any CPU.Build.0 = Release|Any CPU
		{EA8E8F79-08FE-4A61-96BE-157FCC10BF07}.Debug|Any CPU.ActiveCfg = Debug|Any CPU
		{EA8E8F79-08FE-4A61-96BE-157FCC10BF07}.Debug|Any CPU.Build.0 = Debug|Any CPU
		{EA8E8F79-08FE-4A61-96BE-157FCC10BF07}.Release|Any CPU.ActiveCfg = Release|Any CPU
		{EA8E8F79-08FE-4A61-96BE-157FCC10BF07}.Release|Any CPU.Build.0 = Release|Any CPU
		{2C82F779-CEB0-4D5C-95AE-C85ABB3F7996}.Debug|Any CPU.ActiveCfg = Debug|Any CPU
		{2C82F779-CEB0-4D5C-95AE-C85ABB3F7996}.Debug|Any CPU.Build.0 = Debug|Any CPU
		{2C82F779-CEB0-4D5C-95AE-C85ABB3F7996}.Release|Any CPU.ActiveCfg = Release|Any CPU
		{2C82F779-CEB0-4D5C-95AE-C85ABB3F7996}.Release|Any CPU.Build.0 = Release|Any CPU
		{EBF9B6DD-2671-41A8-BDDC-BC46091B05D3}.Debug|Any CPU.ActiveCfg = Debug|Any CPU
		{EBF9B6DD-2671-41A8-BDDC-BC46091B05D3}.Debug|Any CPU.Build.0 = Debug|Any CPU
		{EBF9B6DD-2671-41A8-BDDC-BC46091B05D3}.Release|Any CPU.ActiveCfg = Release|Any CPU
		{EBF9B6DD-2671-41A8-BDDC-BC46091B05D3}.Release|Any CPU.Build.0 = Release|Any CPU
		{8454E25F-00FC-4A1B-9C33-614EF3A352B1}.Debug|Any CPU.ActiveCfg = Debug|Any CPU
		{8454E25F-00FC-4A1B-9C33-614EF3A352B1}.Debug|Any CPU.Build.0 = Debug|Any CPU
		{8454E25F-00FC-4A1B-9C33-614EF3A352B1}.Release|Any CPU.ActiveCfg = Release|Any CPU
		{8454E25F-00FC-4A1B-9C33-614EF3A352B1}.Release|Any CPU.Build.0 = Release|Any CPU
	EndGlobalSection
	GlobalSection(SolutionProperties) = preSolution
		HideSolutionNode = FALSE
	EndGlobalSection
EndGlobal
